
Microsoft Visual Studio Solution File, Format Version 12.00
# Visual Studio 15
VisualStudioVersion = 15.0.27428.2043
MinimumVisualStudioVersion = 10.0.40219.1
Project("{00D1A9C2-B5F0-4AF3-8072-F6C62B433612}") = "Week10DB", "Week10DB\Week10DB.sqlproj", "{76EEDC9A-8404-4CCC-BB6A-C7D059E30EB6}"
EndProject
Global
	GlobalSection(SolutionConfigurationPlatforms) = preSolution
		Debug|Any CPU = Debug|Any CPU
		Release|Any CPU = Release|Any CPU
	EndGlobalSection
	GlobalSection(ProjectConfigurationPlatforms) = postSolution
		{76EEDC9A-8404-4CCC-BB6A-C7D059E30EB6}.Debug|Any CPU.ActiveCfg = Debug|Any CPU
		{76EEDC9A-8404-4CCC-BB6A-C7D059E30EB6}.Debug|Any CPU.Build.0 = Debug|Any CPU
		{76EEDC9A-8404-4CCC-BB6A-C7D059E30EB6}.Debug|Any CPU.Deploy.0 = Debug|Any CPU
		{76EEDC9A-8404-4CCC-BB6A-C7D059E30EB6}.Release|Any CPU.ActiveCfg = Release|Any CPU
		{76EEDC9A-8404-4CCC-BB6A-C7D059E30EB6}.Release|Any CPU.Build.0 = Release|Any CPU
		{76EEDC9A-8404-4CCC-BB6A-C7D059E30EB6}.Release|Any CPU.Deploy.0 = Release|Any CPU
	EndGlobalSection
	GlobalSection(SolutionProperties) = preSolution
		HideSolutionNode = FALSE
	EndGlobalSection
	GlobalSection(ExtensibilityGlobals) = postSolution
		SolutionGuid = {48F91AE6-FF09-4C42-8F44-E032CEA6E59B}
	EndGlobalSection
EndGlobal
